// !$*UTF8*$!
{
	archiveVersion = 1;
	classes = {
	};
	objectVersion = 50;
	objects = {

/* Begin PBXBuildFile section */
		56D85CAA2524686D007ECDE3 /* bintree.h in Sources */ = {isa = PBXBuildFile; fileRef = 56D85CA92524686D007ECDE3 /* bintree.h */; };
		56DCFCC925D3171200B4D359 /* ej2.cpp in Sources */ = {isa = PBXBuildFile; fileRef = 56DCFCC825D3171200B4D359 /* ej2.cpp */; };
/* End PBXBuildFile section */

/* Begin PBXCopyFilesBuildPhase section */
		56D85C9B25246593007ECDE3 /* CopyFiles */ = {
			isa = PBXCopyFilesBuildPhase;
			buildActionMask = 2147483647;
			dstPath = /usr/share/man/man1/;
			dstSubfolderSpec = 0;
			files = (
			);
			runOnlyForDeploymentPostprocessing = 1;
		};
/* End PBXCopyFilesBuildPhase section */

/* Begin PBXFileReference section */
		5601A5ED255BD8E5002FD7CE /* main_prim.cpp */ = {isa = PBXFileReference; lastKnownFileType = sourcecode.cpp.cpp; path = main_prim.cpp; sourceTree = "<group>"; };
		5601A5F0255BD95F002FD7CE /* caso_prim.txt */ = {isa = PBXFileReference; fileEncoding = 4; lastKnownFileType = text; path = caso_prim.txt; sourceTree = "<group>"; };
		56053AD125C31DE90029BBFB /* main_40.cpp */ = {isa = PBXFileReference; lastKnownFileType = sourcecode.cpp.cpp; path = main_40.cpp; sourceTree = "<group>"; };
		560D88B325D00854005F4DB8 /* ej2.cpp */ = {isa = PBXFileReference; lastKnownFileType = sourcecode.cpp.cpp; path = ej2.cpp; sourceTree = "<group>"; };
		560D88B725D00EDF005F4DB8 /* ej2.txt */ = {isa = PBXFileReference; fileEncoding = 4; lastKnownFileType = text; path = ej2.txt; sourceTree = "<group>"; };
		560D88BA25D01B7B005F4DB8 /* ej3.cpp */ = {isa = PBXFileReference; lastKnownFileType = sourcecode.cpp.cpp; path = ej3.cpp; sourceTree = "<group>"; };
		560D88BD25D01E46005F4DB8 /* ej3.txt */ = {isa = PBXFileReference; fileEncoding = 4; lastKnownFileType = text; path = ej3.txt; sourceTree = "<group>"; };
		5611EEE825C6BFAD0033DB31 /* casos_p40.txt */ = {isa = PBXFileReference; fileEncoding = 4; lastKnownFileType = text; path = casos_p40.txt; sourceTree = "<group>"; };
		561A07382568467F00C56F51 /* main_27.cpp */ = {isa = PBXFileReference; lastKnownFileType = sourcecode.cpp.cpp; path = main_27.cpp; sourceTree = "<group>"; };
		561A073C2568486A00C56F51 /* casos_p27.txt */ = {isa = PBXFileReference; fileEncoding = 4; lastKnownFileType = text; path = casos_p27.txt; sourceTree = "<group>"; };
		561DE64F25C1E107000DF2B3 /* main_39.cpp */ = {isa = PBXFileReference; lastKnownFileType = sourcecode.cpp.cpp; path = main_39.cpp; sourceTree = "<group>"; };
		561DE65225C1E877000DF2B3 /* casos_p39.txt */ = {isa = PBXFileReference; fileEncoding = 4; lastKnownFileType = text; path = casos_p39.txt; sourceTree = "<group>"; };
		56347FAD25AC4E650054BF58 /* main_46.cpp */ = {isa = PBXFileReference; fileEncoding = 4; lastKnownFileType = sourcecode.cpp.cpp; path = main_46.cpp; sourceTree = "<group>"; };
		56347FB125AC4E900054BF58 /* casos_p46.txt */ = {isa = PBXFileReference; fileEncoding = 4; lastKnownFileType = text; path = casos_p46.txt; sourceTree = "<group>"; };
		563616E4252B032B0045CC69 /* main_p2.cpp */ = {isa = PBXFileReference; lastKnownFileType = sourcecode.cpp.cpp; path = main_p2.cpp; sourceTree = "<group>"; };
		563616E8252B03690045CC69 /* casos_p2.txt */ = {isa = PBXFileReference; fileEncoding = 4; lastKnownFileType = text; path = casos_p2.txt; sourceTree = "<group>"; };
		563B86E92555B47100264D22 /* casos_p20.txt */ = {isa = PBXFileReference; fileEncoding = 4; lastKnownFileType = text; path = casos_p20.txt; sourceTree = "<group>"; };
		563B86EA2555B4B300264D22 /* main_p20.cpp */ = {isa = PBXFileReference; lastKnownFileType = sourcecode.cpp.cpp; path = main_p20.cpp; sourceTree = "<group>"; };
		563B86F52555D17D00264D22 /* ConjuntosDisjuntos.h */ = {isa = PBXFileReference; lastKnownFileType = sourcecode.c.h; path = ConjuntosDisjuntos.h; sourceTree = "<group>"; };
		563DF73F254B268D00335AFD /* main_14.cpp */ = {isa = PBXFileReference; lastKnownFileType = sourcecode.cpp.cpp; path = main_14.cpp; sourceTree = "<group>"; };
		563DF743254B26A800335AFD /* casos_p14.txt */ = {isa = PBXFileReference; fileEncoding = 4; lastKnownFileType = text; path = casos_p14.txt; sourceTree = "<group>"; };
		5646E00B25CC57F1004171A1 /* ej1.cpp */ = {isa = PBXFileReference; lastKnownFileType = sourcecode.cpp.cpp; path = ej1.cpp; sourceTree = "<group>"; };
		5646E01B25CC698B004171A1 /* ej1.txt */ = {isa = PBXFileReference; fileEncoding = 4; lastKnownFileType = text; path = ej1.txt; sourceTree = "<group>"; };
		5652401F2545F01F005E8207 /* Grafo.h */ = {isa = PBXFileReference; lastKnownFileType = sourcecode.c.h; path = Grafo.h; sourceTree = "<group>"; };
		565240202545F073005E8207 /* main_p10.cpp */ = {isa = PBXFileReference; lastKnownFileType = sourcecode.cpp.cpp; path = main_p10.cpp; sourceTree = "<group>"; };
		565240252545F249005E8207 /* casos_p10.txt */ = {isa = PBXFileReference; fileEncoding = 4; lastKnownFileType = text; path = casos_p10.txt; sourceTree = "<group>"; };
		5655AAF0255469C000DACFFB /* casos_p18.txt */ = {isa = PBXFileReference; fileEncoding = 4; lastKnownFileType = text; path = casos_p18.txt; sourceTree = "<group>"; };
		5655AAF225546A1100DACFFB /* main_p18.cpp */ = {isa = PBXFileReference; lastKnownFileType = sourcecode.cpp.cpp; path = main_p18.cpp; sourceTree = "<group>"; };
		56578AA2253607C700CB24CC /* main_p3.cpp */ = {isa = PBXFileReference; lastKnownFileType = sourcecode.cpp.cpp; path = main_p3.cpp; sourceTree = "<group>"; };
		56578AA92536080900CB24CC /* casos_p3.txt */ = {isa = PBXFileReference; fileEncoding = 4; lastKnownFileType = text; path = casos_p3.txt; sourceTree = "<group>"; };
		56578AAD253625F900CB24CC /* main_p4.cpp */ = {isa = PBXFileReference; lastKnownFileType = sourcecode.cpp.cpp; path = main_p4.cpp; sourceTree = "<group>"; };
		56578AB12536262100CB24CC /* casos_p4.txt */ = {isa = PBXFileReference; fileEncoding = 4; lastKnownFileType = text; path = casos_p4.txt; sourceTree = "<group>"; };
		5663C68A25B4329400D7133F /* main_48.cpp */ = {isa = PBXFileReference; lastKnownFileType = sourcecode.cpp.cpp; path = main_48.cpp; sourceTree = "<group>"; };
		5663C68D25B432AE00D7133F /* casos_p48.txt */ = {isa = PBXFileReference; fileEncoding = 4; lastKnownFileType = text; path = casos_p48.txt; sourceTree = "<group>"; };
		566E3B91255FF879004D99DA /* main_23.cpp */ = {isa = PBXFileReference; lastKnownFileType = sourcecode.cpp.cpp; path = main_23.cpp; sourceTree = "<group>"; };
		566E3B95255FF8A3004D99DA /* casos_p23.txt */ = {isa = PBXFileReference; fileEncoding = 4; lastKnownFileType = text; path = casos_p23.txt; sourceTree = "<group>"; };
		566E3B96255FF8E4004D99DA /* DigrafoValorado.h */ = {isa = PBXFileReference; lastKnownFileType = sourcecode.c.h; path = DigrafoValorado.h; sourceTree = "<group>"; };
		5675D8B125CB134800416D32 /* ej1.cpp */ = {isa = PBXFileReference; lastKnownFileType = sourcecode.cpp.cpp; path = ej1.cpp; sourceTree = "<group>"; };
		5675D8B525CB155E00416D32 /* ej1.txt */ = {isa = PBXFileReference; fileEncoding = 4; lastKnownFileType = text; path = ej1.txt; sourceTree = "<group>"; };
		5675D8B725CB16E400416D32 /* ej2.cpp */ = {isa = PBXFileReference; lastKnownFileType = sourcecode.cpp.cpp; path = ej2.cpp; sourceTree = "<group>"; };
		5675D8BB25CB1E4300416D32 /* ej2.txt */ = {isa = PBXFileReference; fileEncoding = 4; lastKnownFileType = text; path = ej2.txt; sourceTree = "<group>"; };
		5675D8BD25CB30CF00416D32 /* ej3.cpp */ = {isa = PBXFileReference; lastKnownFileType = sourcecode.cpp.cpp; path = ej3.cpp; sourceTree = "<group>"; };
		5675D8C125CB31FB00416D32 /* ej3.txt */ = {isa = PBXFileReference; fileEncoding = 4; lastKnownFileType = text; path = ej3.txt; sourceTree = "<group>"; };
		5676A23125487913006AAE4B /* main_p11.cpp */ = {isa = PBXFileReference; lastKnownFileType = sourcecode.cpp.cpp; path = main_p11.cpp; sourceTree = "<group>"; };
		5676A23525487929006AAE4B /* casos_p11.txt */ = {isa = PBXFileReference; fileEncoding = 4; lastKnownFileType = text; path = casos_p11.txt; sourceTree = "<group>"; };
		5676A2372548811F006AAE4B /* casos_p12.txt */ = {isa = PBXFileReference; fileEncoding = 4; lastKnownFileType = text; path = casos_p12.txt; sourceTree = "<group>"; };
		5676A23825488216006AAE4B /* main_p12.cpp */ = {isa = PBXFileReference; lastKnownFileType = sourcecode.cpp.cpp; path = main_p12.cpp; sourceTree = "<group>"; };
		5681450325401475006C2B52 /* main_p9.cpp */ = {isa = PBXFileReference; lastKnownFileType = sourcecode.cpp.cpp; path = main_p9.cpp; sourceTree = "<group>"; };
		5681450625401485006C2B52 /* casos_p9.txt */ = {isa = PBXFileReference; fileEncoding = 4; lastKnownFileType = text; path = casos_p9.txt; sourceTree = "<group>"; };
		56831F22253C37720045641F /* main_indexpq_actualizar_prioridad.cpp */ = {isa = PBXFileReference; lastKnownFileType = sourcecode.cpp.cpp; path = main_indexpq_actualizar_prioridad.cpp; sourceTree = "<group>"; };
		56831F26253C37BE0045641F /* caso_otros_indexpq.txt */ = {isa = PBXFileReference; fileEncoding = 4; lastKnownFileType = text; path = caso_otros_indexpq.txt; sourceTree = "<group>"; };
		56831F27253C37E30045641F /* IndexPQ.h */ = {isa = PBXFileReference; lastKnownFileType = sourcecode.c.h; path = IndexPQ.h; sourceTree = "<group>"; };
		5689147F2536DA93008DB7CB /* main_p6.cpp */ = {isa = PBXFileReference; lastKnownFileType = sourcecode.cpp.cpp; path = main_p6.cpp; sourceTree = "<group>"; };
		568914822536DAA9008DB7CB /* casos_p6.txt */ = {isa = PBXFileReference; fileEncoding = 4; lastKnownFileType = text; path = casos_p6.txt; sourceTree = "<group>"; };
		568914842536DDD6008DB7CB /* PriorityQueue.h */ = {isa = PBXFileReference; lastKnownFileType = sourcecode.c.h; path = PriorityQueue.h; sourceTree = "<group>"; };
		568914BB25375D09008DB7CB /* main_p7.cpp */ = {isa = PBXFileReference; lastKnownFileType = sourcecode.cpp.cpp; path = main_p7.cpp; sourceTree = "<group>"; };
		568914C025375D25008DB7CB /* casos_p7.txt */ = {isa = PBXFileReference; fileEncoding = 4; lastKnownFileType = text; path = casos_p7.txt; sourceTree = "<group>"; };
		56917A6D254DD4DB00EE65CA /* main_p15.cpp */ = {isa = PBXFileReference; lastKnownFileType = sourcecode.cpp.cpp; path = main_p15.cpp; sourceTree = "<group>"; };
		56917A71254DD4FC00EE65CA /* casos_p15.txt */ = {isa = PBXFileReference; fileEncoding = 4; lastKnownFileType = text; path = casos_p15.txt; sourceTree = "<group>"; };
		56917A73254DEAB900EE65CA /* casos_p16.txt */ = {isa = PBXFileReference; fileEncoding = 4; lastKnownFileType = text; path = casos_p16.txt; sourceTree = "<group>"; };
		56917A74254DEACE00EE65CA /* main_p16.cpp */ = {isa = PBXFileReference; lastKnownFileType = sourcecode.cpp.cpp; path = main_p16.cpp; sourceTree = "<group>"; };
		56917A77254DEBB100EE65CA /* casos_p13.txt */ = {isa = PBXFileReference; fileEncoding = 4; lastKnownFileType = text; path = casos_p13.txt; sourceTree = "<group>"; };
		56917A78254DEBC700EE65CA /* main_p13.cpp */ = {isa = PBXFileReference; fileEncoding = 4; lastKnownFileType = sourcecode.cpp.cpp; path = main_p13.cpp; sourceTree = "<group>"; };
		5696B844252A27E500550CDC /* prob_1-¿Es un árbol AVL?.pdf */ = {isa = PBXFileReference; lastKnownFileType = image.pdf; path = "prob_1-¿Es un árbol AVL?.pdf"; sourceTree = "<group>"; };
		5696B845252A2B8900550CDC /* TreeSet_AVL.h */ = {isa = PBXFileReference; lastKnownFileType = sourcecode.c.h; path = TreeSet_AVL.h; sourceTree = "<group>"; };
		5696B848252A2DEF00550CDC /* main_set_avl_minimum.cpp */ = {isa = PBXFileReference; lastKnownFileType = sourcecode.cpp.cpp; path = main_set_avl_minimum.cpp; sourceTree = "<group>"; };
		5696B84F252A2F8C00550CDC /* type1.txt */ = {isa = PBXFileReference; fileEncoding = 4; lastKnownFileType = text; path = type1.txt; sourceTree = "<group>"; };
		56A38B50257780CC00DDEB65 /* main_34.cpp */ = {isa = PBXFileReference; lastKnownFileType = sourcecode.cpp.cpp; name = main_34.cpp; path = PracticaLunes/MainMiercoles/main_34.cpp; sourceTree = SOURCE_ROOT; };
		56A38B53257780E500DDEB65 /* casos_p34.txt */ = {isa = PBXFileReference; fileEncoding = 4; lastKnownFileType = text; path = casos_p34.txt; sourceTree = "<group>"; };
		56A6BF7B25619F9B00B24A5D /* main_24.cpp */ = {isa = PBXFileReference; lastKnownFileType = sourcecode.cpp.cpp; path = main_24.cpp; sourceTree = "<group>"; };
		56A6BF7F25619FCA00B24A5D /* casos_p24.txt */ = {isa = PBXFileReference; fileEncoding = 4; lastKnownFileType = text; path = casos_p24.txt; sourceTree = "<group>"; };
		56A7A1B52576ABDB0021E8E9 /* main_33.cpp */ = {isa = PBXFileReference; lastKnownFileType = sourcecode.cpp.cpp; path = main_33.cpp; sourceTree = "<group>"; };
		56A7A1B92576ACAA0021E8E9 /* casos_p33.txt */ = {isa = PBXFileReference; fileEncoding = 4; lastKnownFileType = text; path = casos_p33.txt; sourceTree = "<group>"; };
		56A8EAD1255803A300A4277D /* GrafoValorado.h */ = {isa = PBXFileReference; lastKnownFileType = sourcecode.c.h; path = GrafoValorado.h; sourceTree = "<group>"; };
		56A8EAD3255803D000A4277D /* main_p21.cpp */ = {isa = PBXFileReference; lastKnownFileType = sourcecode.cpp.cpp; path = main_p21.cpp; sourceTree = "<group>"; };
		56A8EAD6255807FD00A4277D /* casos_p21.txt */ = {isa = PBXFileReference; fileEncoding = 4; lastKnownFileType = text; path = casos_p21.txt; sourceTree = "<group>"; };
		56AABFD725AEE11600DFFCA4 /* main_47.cpp */ = {isa = PBXFileReference; lastKnownFileType = sourcecode.cpp.cpp; path = main_47.cpp; sourceTree = "<group>"; };
		56AABFDB25AEE17900DFFCA4 /* casos_p47.txt */ = {isa = PBXFileReference; fileEncoding = 4; lastKnownFileType = text; path = casos_p47.txt; sourceTree = "<group>"; };
		56BC93D7257B86C400640D7C /* main_35.cpp */ = {isa = PBXFileReference; lastKnownFileType = sourcecode.cpp.cpp; path = main_35.cpp; sourceTree = "<group>"; };
		56BC93DB257B872000640D7C /* casos_p35.txt */ = {isa = PBXFileReference; fileEncoding = 4; lastKnownFileType = text; path = casos_p35.txt; sourceTree = "<group>"; };
		56BC93DC257BB29500640D7C /* EntInf.h */ = {isa = PBXFileReference; lastKnownFileType = sourcecode.c.h; path = EntInf.h; sourceTree = "<group>"; };
		56BC93DD257BB2A900640D7C /* Matriz.h */ = {isa = PBXFileReference; lastKnownFileType = sourcecode.c.h; path = Matriz.h; sourceTree = "<group>"; };
		56C2D186254EC1FA005D3744 /* main_p17.cpp */ = {isa = PBXFileReference; lastKnownFileType = sourcecode.cpp.cpp; path = main_p17.cpp; sourceTree = "<group>"; };
		56C2D18A254EC225005D3744 /* Digrafo.h */ = {isa = PBXFileReference; lastKnownFileType = sourcecode.c.h; path = Digrafo.h; sourceTree = "<group>"; };
		56C2D18B254EC289005D3744 /* casos_p17.txt */ = {isa = PBXFileReference; fileEncoding = 4; lastKnownFileType = text; path = casos_p17.txt; sourceTree = "<group>"; };
		56C5E026257165C000F6840A /* main_30.cpp */ = {isa = PBXFileReference; lastKnownFileType = sourcecode.cpp.cpp; path = main_30.cpp; sourceTree = "<group>"; };
		56C5E02A2571691B00F6840A /* casos_p30.txt */ = {isa = PBXFileReference; fileEncoding = 4; lastKnownFileType = text; path = casos_p30.txt; sourceTree = "<group>"; };
		56C5E02C25716D9700F6840A /* main_29.cpp */ = {isa = PBXFileReference; lastKnownFileType = sourcecode.cpp.cpp; path = main_29.cpp; sourceTree = "<group>"; };
		56C5E030257172D500F6840A /* casos_p29.txt */ = {isa = PBXFileReference; fileEncoding = 4; lastKnownFileType = text; path = casos_p29.txt; sourceTree = "<group>"; };
		56C5E0322571842300F6840A /* horas.h */ = {isa = PBXFileReference; lastKnownFileType = sourcecode.c.h; path = horas.h; sourceTree = "<group>"; };
		56C608A225384D8E00A0406A /* main_p5.cpp */ = {isa = PBXFileReference; lastKnownFileType = sourcecode.cpp.cpp; path = main_p5.cpp; sourceTree = "<group>"; };
		56C608A725384DD600A0406A /* casos_p5.txt */ = {isa = PBXFileReference; fileEncoding = 4; lastKnownFileType = text; path = casos_p5.txt; sourceTree = "<group>"; };
		56D1A9F3253F2EDA00E9AF0D /* main_p8.cpp */ = {isa = PBXFileReference; lastKnownFileType = sourcecode.cpp.cpp; path = main_p8.cpp; sourceTree = "<group>"; };
		56D1A9F7253F2F3400E9AF0D /* casos_p8.txt */ = {isa = PBXFileReference; fileEncoding = 4; lastKnownFileType = text; path = casos_p8.txt; sourceTree = "<group>"; };
		56D268DE255297DD00166B3C /* main_19.cpp */ = {isa = PBXFileReference; lastKnownFileType = sourcecode.cpp.cpp; path = main_19.cpp; sourceTree = "<group>"; };
		56D268E12552987700166B3C /* casos_p19.txt */ = {isa = PBXFileReference; fileEncoding = 4; lastKnownFileType = text; path = casos_p19.txt; sourceTree = "<group>"; };
		56D3814625C09084000D9417 /* main_36.cpp */ = {isa = PBXFileReference; lastKnownFileType = sourcecode.cpp.cpp; path = main_36.cpp; sourceTree = "<group>"; };
		56D3814A25C0AA12000D9417 /* casos_p36.txt */ = {isa = PBXFileReference; fileEncoding = 4; lastKnownFileType = text; path = casos_p36.txt; sourceTree = "<group>"; };
		56D85C9D25246593007ECDE3 /* PracticaLunes */ = {isa = PBXFileReference; explicitFileType = "compiled.mach-o.executable"; includeInIndex = 0; path = PracticaLunes; sourceTree = BUILT_PRODUCTS_DIR; };
		56D85CA025246593007ECDE3 /* main_p1.cpp */ = {isa = PBXFileReference; lastKnownFileType = sourcecode.cpp.cpp; path = main_p1.cpp; sourceTree = "<group>"; };
		56D85CA92524686D007ECDE3 /* bintree.h */ = {isa = PBXFileReference; lastKnownFileType = sourcecode.c.h; path = bintree.h; sourceTree = "<group>"; };
		56D85CAE25246A00007ECDE3 /* casos_p1.txt */ = {isa = PBXFileReference; fileEncoding = 4; lastKnownFileType = text; path = casos_p1.txt; sourceTree = "<group>"; };
		56DCFCC325D2FFEC00B4D359 /* casos_p2.txt */ = {isa = PBXFileReference; fileEncoding = 4; lastKnownFileType = text; path = casos_p2.txt; sourceTree = "<group>"; };
		56DCFCC825D3171200B4D359 /* ej2.cpp */ = {isa = PBXFileReference; lastKnownFileType = sourcecode.cpp.cpp; path = ej2.cpp; sourceTree = "<group>"; };
		56E900C625650BEC0043DC55 /* casos_p26.txt */ = {isa = PBXFileReference; fileEncoding = 4; lastKnownFileType = text; path = casos_p26.txt; sourceTree = "<group>"; };
		56E900C725650C0A0043DC55 /* main_26.cpp */ = {isa = PBXFileReference; lastKnownFileType = sourcecode.cpp.cpp; path = main_26.cpp; sourceTree = "<group>"; };
		56ECE325256997C40095D6AD /* casos_p28.txt */ = {isa = PBXFileReference; fileEncoding = 4; lastKnownFileType = text; path = casos_p28.txt; sourceTree = "<group>"; };
		56ECE326256997F70095D6AD /* main_28.cpp */ = {isa = PBXFileReference; lastKnownFileType = sourcecode.cpp.cpp; path = main_28.cpp; sourceTree = "<group>"; };
		56ECE32C25699F3A0095D6AD /* main_22.cpp */ = {isa = PBXFileReference; lastKnownFileType = sourcecode.cpp.cpp; path = main_22.cpp; sourceTree = "<group>"; };
		56ECE33025699FE80095D6AD /* casos_p22.txt */ = {isa = PBXFileReference; fileEncoding = 4; lastKnownFileType = text; path = casos_p22.txt; sourceTree = "<group>"; };
		56ECE3322569B1390095D6AD /* main_25.cpp */ = {isa = PBXFileReference; lastKnownFileType = sourcecode.cpp.cpp; path = main_25.cpp; sourceTree = "<group>"; };
		56ECE3392569B1970095D6AD /* casos_p25.txt */ = {isa = PBXFileReference; fileEncoding = 4; lastKnownFileType = text; path = casos_p25.txt; sourceTree = "<group>"; };
		56EE8475256D62E900A58ED2 /* main_31.cpp */ = {isa = PBXFileReference; lastKnownFileType = sourcecode.cpp.cpp; path = main_31.cpp; sourceTree = "<group>"; };
		56EE8478256D631D00A58ED2 /* casos_p31.txt */ = {isa = PBXFileReference; fileEncoding = 4; lastKnownFileType = text; path = casos_p31.txt; sourceTree = "<group>"; };
		56EE847B256D86F800A58ED2 /* main_32.cpp */ = {isa = PBXFileReference; lastKnownFileType = sourcecode.cpp.cpp; path = main_32.cpp; sourceTree = "<group>"; };
		56EE847F256D8FBF00A58ED2 /* casos_p32.txt */ = {isa = PBXFileReference; fileEncoding = 4; lastKnownFileType = text; path = casos_p32.txt; sourceTree = "<group>"; };
		56EE8481256D91F900A58ED2 /* main_test.cpp */ = {isa = PBXFileReference; lastKnownFileType = sourcecode.cpp.cpp; path = main_test.cpp; sourceTree = "<group>"; };
		56F9B8C925B81E2F0097E9F6 /* main_51.cpp */ = {isa = PBXFileReference; lastKnownFileType = sourcecode.cpp.cpp; path = main_51.cpp; sourceTree = "<group>"; };
		56F9B8CD25B826110097E9F6 /* casos_p51.txt */ = {isa = PBXFileReference; fileEncoding = 4; lastKnownFileType = text; path = casos_p51.txt; sourceTree = "<group>"; };
/* End PBXFileReference section */

/* Begin PBXFrameworksBuildPhase section */
		56D85C9A25246593007ECDE3 /* Frameworks */ = {
			isa = PBXFrameworksBuildPhase;
			buildActionMask = 2147483647;
			files = (
			);
			runOnlyForDeploymentPostprocessing = 0;
		};
/* End PBXFrameworksBuildPhase section */

/* Begin PBXGroup section */
		5646E00725CC5684004171A1 /* Septiembre_2019_2020 */ = {
			isa = PBXGroup;
			children = (
				5675D8B125CB134800416D32 /* ej1.cpp */,
				5675D8B725CB16E400416D32 /* ej2.cpp */,
				5675D8BD25CB30CF00416D32 /* ej3.cpp */,
			);
			path = Septiembre_2019_2020;
			sourceTree = "<group>";
		};
		5646E00925CC56B0004171A1 /* Enero_2019_2020 */ = {
			isa = PBXGroup;
			children = (
				5646E00B25CC57F1004171A1 /* ej1.cpp */,
				560D88B325D00854005F4DB8 /* ej2.cpp */,
				560D88BA25D01B7B005F4DB8 /* ej3.cpp */,
			);
			path = Enero_2019_2020;
			sourceTree = "<group>";
		};
		5646E01825CC6929004171A1 /* Septiembre_2019_2020 */ = {
			isa = PBXGroup;
			children = (
				5675D8B525CB155E00416D32 /* ej1.txt */,
				5675D8BB25CB1E4300416D32 /* ej2.txt */,
				5675D8C125CB31FB00416D32 /* ej3.txt */,
			);
			path = Septiembre_2019_2020;
			sourceTree = "<group>";
		};
		5646E01A25CC6970004171A1 /* Enero_2019_2020 */ = {
			isa = PBXGroup;
			children = (
				5646E01B25CC698B004171A1 /* ej1.txt */,
				560D88B725D00EDF005F4DB8 /* ej2.txt */,
				560D88BD25D01E46005F4DB8 /* ej3.txt */,
			);
			path = Enero_2019_2020;
			sourceTree = "<group>";
		};
		56578AA1253607A100CB24CC /* MainOtros */ = {
			isa = PBXGroup;
			children = (
				5696B848252A2DEF00550CDC /* main_set_avl_minimum.cpp */,
				56831F22253C37720045641F /* main_indexpq_actualizar_prioridad.cpp */,
				5601A5ED255BD8E5002FD7CE /* main_prim.cpp */,
				56578AA2253607C700CB24CC /* main_p3.cpp */,
				56578AAD253625F900CB24CC /* main_p4.cpp */,
				56C608A225384D8E00A0406A /* main_p5.cpp */,
				565240202545F073005E8207 /* main_p10.cpp */,
				5676A23125487913006AAE4B /* main_p11.cpp */,
				5676A23825488216006AAE4B /* main_p12.cpp */,
				56917A6D254DD4DB00EE65CA /* main_p15.cpp */,
				56917A74254DEACE00EE65CA /* main_p16.cpp */,
				56C2D186254EC1FA005D3744 /* main_p17.cpp */,
				5655AAF225546A1100DACFFB /* main_p18.cpp */,
				563B86EA2555B4B300264D22 /* main_p20.cpp */,
				56A8EAD3255803D000A4277D /* main_p21.cpp */,
				56ECE32C25699F3A0095D6AD /* main_22.cpp */,
				566E3B91255FF879004D99DA /* main_23.cpp */,
				56A6BF7B25619F9B00B24A5D /* main_24.cpp */,
				56ECE3322569B1390095D6AD /* main_25.cpp */,
				561A07382568467F00C56F51 /* main_27.cpp */,
				56ECE326256997F70095D6AD /* main_28.cpp */,
				56EE8475256D62E900A58ED2 /* main_31.cpp */,
				56EE847B256D86F800A58ED2 /* main_32.cpp */,
				56BC93D7257B86C400640D7C /* main_35.cpp */,
				56D3814625C09084000D9417 /* main_36.cpp */,
				561DE64F25C1E107000DF2B3 /* main_39.cpp */,
				56053AD125C31DE90029BBFB /* main_40.cpp */,
				5663C68A25B4329400D7133F /* main_48.cpp */,
				56EE8481256D91F900A58ED2 /* main_test.cpp */,
			);
			path = MainOtros;
			sourceTree = "<group>";
		};
		5675D8AF25CB106900416D32 /* Examenes */ = {
			isa = PBXGroup;
			children = (
				56DCFCBC25D2F44800B4D359 /* Enero_2018_2019 */,
				5646E00925CC56B0004171A1 /* Enero_2019_2020 */,
				5646E00725CC5684004171A1 /* Septiembre_2019_2020 */,
			);
			path = Examenes;
			sourceTree = "<group>";
		};
		5675D8B025CB107500416D32 /* Examenes */ = {
			isa = PBXGroup;
			children = (
				56DCFCC225D2FFC600B4D359 /* Enero_2018_2019 */,
				5646E01A25CC6970004171A1 /* Enero_2019_2020 */,
				5646E01825CC6929004171A1 /* Septiembre_2019_2020 */,
			);
			path = Examenes;
			sourceTree = "<group>";
		};
		5696B841252A278F00550CDC /* MainLunes */ = {
			isa = PBXGroup;
			children = (
				56347FAD25AC4E650054BF58 /* main_46.cpp */,
				56D85CA025246593007ECDE3 /* main_p1.cpp */,
				563616E4252B032B0045CC69 /* main_p2.cpp */,
				56D1A9F3253F2EDA00E9AF0D /* main_p8.cpp */,
				56917A78254DEBC700EE65CA /* main_p13.cpp */,
				56C5E02C25716D9700F6840A /* main_29.cpp */,
				56C5E0322571842300F6840A /* horas.h */,
				56A7A1B52576ABDB0021E8E9 /* main_33.cpp */,
			);
			path = MainLunes;
			sourceTree = "<group>";
		};
		5696B843252A27CA00550CDC /* Enunciado */ = {
			isa = PBXGroup;
			children = (
				5696B844252A27E500550CDC /* prob_1-¿Es un árbol AVL?.pdf */,
			);
			path = Enunciado;
			sourceTree = "<group>";
		};
		56C608A625384D9D00A0406A /* MainMiercoles */ = {
			isa = PBXGroup;
			children = (
				5689147F2536DA93008DB7CB /* main_p6.cpp */,
				568914BB25375D09008DB7CB /* main_p7.cpp */,
				5681450325401475006C2B52 /* main_p9.cpp */,
				563DF73F254B268D00335AFD /* main_14.cpp */,
				56D268DE255297DD00166B3C /* main_19.cpp */,
				56E900C725650C0A0043DC55 /* main_26.cpp */,
				56C5E026257165C000F6840A /* main_30.cpp */,
				56A38B50257780CC00DDEB65 /* main_34.cpp */,
				56AABFD725AEE11600DFFCA4 /* main_47.cpp */,
				56F9B8C925B81E2F0097E9F6 /* main_51.cpp */,
			);
			path = MainMiercoles;
			sourceTree = "<group>";
		};
		56D85C9425246593007ECDE3 = {
			isa = PBXGroup;
			children = (
				56D85C9F25246593007ECDE3 /* PracticaLunes */,
				56D85C9E25246593007ECDE3 /* Products */,
			);
			sourceTree = "<group>";
		};
		56D85C9E25246593007ECDE3 /* Products */ = {
			isa = PBXGroup;
			children = (
				56D85C9D25246593007ECDE3 /* PracticaLunes */,
			);
			name = Products;
			sourceTree = "<group>";
		};
		56D85C9F25246593007ECDE3 /* PracticaLunes */ = {
			isa = PBXGroup;
			children = (
				5696B843252A27CA00550CDC /* Enunciado */,
				5696B841252A278F00550CDC /* MainLunes */,
				56C608A625384D9D00A0406A /* MainMiercoles */,
				56578AA1253607A100CB24CC /* MainOtros */,
				5675D8AF25CB106900416D32 /* Examenes */,
				56D85CB125246A46007ECDE3 /* Casos */,
				56D85CAF25246A3D007ECDE3 /* TAD */,
			);
			path = PracticaLunes;
			sourceTree = "<group>";
		};
		56D85CAF25246A3D007ECDE3 /* TAD */ = {
			isa = PBXGroup;
			children = (
				56D85CA92524686D007ECDE3 /* bintree.h */,
				563B86F52555D17D00264D22 /* ConjuntosDisjuntos.h */,
				56C2D18A254EC225005D3744 /* Digrafo.h */,
				566E3B96255FF8E4004D99DA /* DigrafoValorado.h */,
				5652401F2545F01F005E8207 /* Grafo.h */,
				56A8EAD1255803A300A4277D /* GrafoValorado.h */,
				56831F27253C37E30045641F /* IndexPQ.h */,
				568914842536DDD6008DB7CB /* PriorityQueue.h */,
				5696B845252A2B8900550CDC /* TreeSet_AVL.h */,
				56BC93DC257BB29500640D7C /* EntInf.h */,
				56BC93DD257BB2A900640D7C /* Matriz.h */,
			);
			path = TAD;
			sourceTree = "<group>";
		};
		56D85CB125246A46007ECDE3 /* Casos */ = {
			isa = PBXGroup;
			children = (
				5675D8B025CB107500416D32 /* Examenes */,
				56D85CAE25246A00007ECDE3 /* casos_p1.txt */,
				563616E8252B03690045CC69 /* casos_p2.txt */,
				56578AA92536080900CB24CC /* casos_p3.txt */,
				56578AB12536262100CB24CC /* casos_p4.txt */,
				56C608A725384DD600A0406A /* casos_p5.txt */,
				568914822536DAA9008DB7CB /* casos_p6.txt */,
				568914C025375D25008DB7CB /* casos_p7.txt */,
				56D1A9F7253F2F3400E9AF0D /* casos_p8.txt */,
				5681450625401485006C2B52 /* casos_p9.txt */,
				565240252545F249005E8207 /* casos_p10.txt */,
				5676A23525487929006AAE4B /* casos_p11.txt */,
				5676A2372548811F006AAE4B /* casos_p12.txt */,
				56917A77254DEBB100EE65CA /* casos_p13.txt */,
				563DF743254B26A800335AFD /* casos_p14.txt */,
				56917A71254DD4FC00EE65CA /* casos_p15.txt */,
				56917A73254DEAB900EE65CA /* casos_p16.txt */,
				56C2D18B254EC289005D3744 /* casos_p17.txt */,
				5655AAF0255469C000DACFFB /* casos_p18.txt */,
				56D268E12552987700166B3C /* casos_p19.txt */,
				563B86E92555B47100264D22 /* casos_p20.txt */,
				56A8EAD6255807FD00A4277D /* casos_p21.txt */,
				56ECE33025699FE80095D6AD /* casos_p22.txt */,
				566E3B95255FF8A3004D99DA /* casos_p23.txt */,
				56A6BF7F25619FCA00B24A5D /* casos_p24.txt */,
				56ECE3392569B1970095D6AD /* casos_p25.txt */,
				56E900C625650BEC0043DC55 /* casos_p26.txt */,
				561A073C2568486A00C56F51 /* casos_p27.txt */,
				56ECE325256997C40095D6AD /* casos_p28.txt */,
				56C5E030257172D500F6840A /* casos_p29.txt */,
				56C5E02A2571691B00F6840A /* casos_p30.txt */,
				56EE8478256D631D00A58ED2 /* casos_p31.txt */,
				56EE847F256D8FBF00A58ED2 /* casos_p32.txt */,
				56A7A1B92576ACAA0021E8E9 /* casos_p33.txt */,
				56A38B53257780E500DDEB65 /* casos_p34.txt */,
				56BC93DB257B872000640D7C /* casos_p35.txt */,
				56D3814A25C0AA12000D9417 /* casos_p36.txt */,
				561DE65225C1E877000DF2B3 /* casos_p39.txt */,
				5611EEE825C6BFAD0033DB31 /* casos_p40.txt */,
				56347FB125AC4E900054BF58 /* casos_p46.txt */,
				56AABFDB25AEE17900DFFCA4 /* casos_p47.txt */,
				5663C68D25B432AE00D7133F /* casos_p48.txt */,
				56F9B8CD25B826110097E9F6 /* casos_p51.txt */,
				56831F26253C37BE0045641F /* caso_otros_indexpq.txt */,
				5601A5F0255BD95F002FD7CE /* caso_prim.txt */,
				5696B84F252A2F8C00550CDC /* type1.txt */,
			);
			path = Casos;
			sourceTree = "<group>";
		};
		56DCFCBC25D2F44800B4D359 /* Enero_2018_2019 */ = {
			isa = PBXGroup;
			children = (
				56DCFCC825D3171200B4D359 /* ej2.cpp */,
			);
			path = Enero_2018_2019;
			sourceTree = "<group>";
		};
		56DCFCC225D2FFC600B4D359 /* Enero_2018_2019 */ = {
			isa = PBXGroup;
			children = (
				56DCFCC325D2FFEC00B4D359 /* casos_p2.txt */,
			);
			path = Enero_2018_2019;
			sourceTree = "<group>";
		};
/* End PBXGroup section */

/* Begin PBXNativeTarget section */
		56D85C9C25246593007ECDE3 /* PracticaLunes */ = {
			isa = PBXNativeTarget;
			buildConfigurationList = 56D85CA425246593007ECDE3 /* Build configuration list for PBXNativeTarget "PracticaLunes" */;
			buildPhases = (
				56D85C9925246593007ECDE3 /* Sources */,
				56D85C9A25246593007ECDE3 /* Frameworks */,
				56D85C9B25246593007ECDE3 /* CopyFiles */,
			);
			buildRules = (
			);
			dependencies = (
			);
			name = PracticaLunes;
			productName = PracticaLunes;
			productReference = 56D85C9D25246593007ECDE3 /* PracticaLunes */;
			productType = "com.apple.product-type.tool";
		};
/* End PBXNativeTarget section */

/* Begin PBXProject section */
		56D85C9525246593007ECDE3 /* Project object */ = {
			isa = PBXProject;
			attributes = {
				LastUpgradeCheck = 1220;
				TargetAttributes = {
					56D85C9C25246593007ECDE3 = {
						CreatedOnToolsVersion = 12.0.1;
					};
				};
			};
			buildConfigurationList = 56D85C9825246593007ECDE3 /* Build configuration list for PBXProject "PracticaLunes" */;
			compatibilityVersion = "Xcode 9.3";
			developmentRegion = en;
			hasScannedForEncodings = 0;
			knownRegions = (
				en,
				Base,
			);
			mainGroup = 56D85C9425246593007ECDE3;
			productRefGroup = 56D85C9E25246593007ECDE3 /* Products */;
			projectDirPath = "";
			projectRoot = "";
			targets = (
				56D85C9C25246593007ECDE3 /* PracticaLunes */,
			);
		};
/* End PBXProject section */

/* Begin PBXSourcesBuildPhase section */
		56D85C9925246593007ECDE3 /* Sources */ = {
			isa = PBXSourcesBuildPhase;
			buildActionMask = 2147483647;
			files = (
				56DCFCC925D3171200B4D359 /* ej2.cpp in Sources */,
				56D85CAA2524686D007ECDE3 /* bintree.h in Sources */,
			);
			runOnlyForDeploymentPostprocessing = 0;
		};
/* End PBXSourcesBuildPhase section */

/* Begin XCBuildConfiguration section */
		56D85CA225246593007ECDE3 /* Debug */ = {
			isa = XCBuildConfiguration;
			buildSettings = {
				ALWAYS_SEARCH_USER_PATHS = NO;
				CLANG_ANALYZER_NONNULL = YES;
				CLANG_ANALYZER_NUMBER_OBJECT_CONVERSION = YES_AGGRESSIVE;
				CLANG_CXX_LANGUAGE_STANDARD = "gnu++14";
				CLANG_CXX_LIBRARY = "libc++";
				CLANG_ENABLE_MODULES = YES;
				CLANG_ENABLE_OBJC_ARC = YES;
				CLANG_ENABLE_OBJC_WEAK = YES;
				CLANG_WARN_BLOCK_CAPTURE_AUTORELEASING = YES;
				CLANG_WARN_BOOL_CONVERSION = YES;
				CLANG_WARN_COMMA = YES;
				CLANG_WARN_CONSTANT_CONVERSION = YES;
				CLANG_WARN_DEPRECATED_OBJC_IMPLEMENTATIONS = YES;
				CLANG_WARN_DIRECT_OBJC_ISA_USAGE = YES_ERROR;
				CLANG_WARN_DOCUMENTATION_COMMENTS = YES;
				CLANG_WARN_EMPTY_BODY = YES;
				CLANG_WARN_ENUM_CONVERSION = YES;
				CLANG_WARN_INFINITE_RECURSION = YES;
				CLANG_WARN_INT_CONVERSION = YES;
				CLANG_WARN_NON_LITERAL_NULL_CONVERSION = YES;
				CLANG_WARN_OBJC_IMPLICIT_RETAIN_SELF = YES;
				CLANG_WARN_OBJC_LITERAL_CONVERSION = YES;
				CLANG_WARN_OBJC_ROOT_CLASS = YES_ERROR;
				CLANG_WARN_QUOTED_INCLUDE_IN_FRAMEWORK_HEADER = YES;
				CLANG_WARN_RANGE_LOOP_ANALYSIS = YES;
				CLANG_WARN_STRICT_PROTOTYPES = YES;
				CLANG_WARN_SUSPICIOUS_MOVE = YES;
				CLANG_WARN_UNGUARDED_AVAILABILITY = YES_AGGRESSIVE;
				CLANG_WARN_UNREACHABLE_CODE = YES;
				CLANG_WARN__DUPLICATE_METHOD_MATCH = YES;
				COPY_PHASE_STRIP = NO;
				DEBUG_INFORMATION_FORMAT = dwarf;
				ENABLE_STRICT_OBJC_MSGSEND = YES;
				ENABLE_TESTABILITY = YES;
				GCC_C_LANGUAGE_STANDARD = gnu11;
				GCC_DYNAMIC_NO_PIC = NO;
				GCC_NO_COMMON_BLOCKS = YES;
				GCC_OPTIMIZATION_LEVEL = 0;
				GCC_PREPROCESSOR_DEFINITIONS = (
					"DEBUG=1",
					"$(inherited)",
				);
				GCC_WARN_64_TO_32_BIT_CONVERSION = YES;
				GCC_WARN_ABOUT_RETURN_TYPE = YES_ERROR;
				GCC_WARN_UNDECLARED_SELECTOR = YES;
				GCC_WARN_UNINITIALIZED_AUTOS = YES_AGGRESSIVE;
				GCC_WARN_UNUSED_FUNCTION = YES;
				GCC_WARN_UNUSED_VARIABLE = YES;
				MACOSX_DEPLOYMENT_TARGET = 10.15;
				MTL_ENABLE_DEBUG_INFO = INCLUDE_SOURCE;
				MTL_FAST_MATH = YES;
				ONLY_ACTIVE_ARCH = YES;
				SDKROOT = macosx;
			};
			name = Debug;
		};
		56D85CA325246593007ECDE3 /* Release */ = {
			isa = XCBuildConfiguration;
			buildSettings = {
				ALWAYS_SEARCH_USER_PATHS = NO;
				CLANG_ANALYZER_NONNULL = YES;
				CLANG_ANALYZER_NUMBER_OBJECT_CONVERSION = YES_AGGRESSIVE;
				CLANG_CXX_LANGUAGE_STANDARD = "gnu++14";
				CLANG_CXX_LIBRARY = "libc++";
				CLANG_ENABLE_MODULES = YES;
				CLANG_ENABLE_OBJC_ARC = YES;
				CLANG_ENABLE_OBJC_WEAK = YES;
				CLANG_WARN_BLOCK_CAPTURE_AUTORELEASING = YES;
				CLANG_WARN_BOOL_CONVERSION = YES;
				CLANG_WARN_COMMA = YES;
				CLANG_WARN_CONSTANT_CONVERSION = YES;
				CLANG_WARN_DEPRECATED_OBJC_IMPLEMENTATIONS = YES;
				CLANG_WARN_DIRECT_OBJC_ISA_USAGE = YES_ERROR;
				CLANG_WARN_DOCUMENTATION_COMMENTS = YES;
				CLANG_WARN_EMPTY_BODY = YES;
				CLANG_WARN_ENUM_CONVERSION = YES;
				CLANG_WARN_INFINITE_RECURSION = YES;
				CLANG_WARN_INT_CONVERSION = YES;
				CLANG_WARN_NON_LITERAL_NULL_CONVERSION = YES;
				CLANG_WARN_OBJC_IMPLICIT_RETAIN_SELF = YES;
				CLANG_WARN_OBJC_LITERAL_CONVERSION = YES;
				CLANG_WARN_OBJC_ROOT_CLASS = YES_ERROR;
				CLANG_WARN_QUOTED_INCLUDE_IN_FRAMEWORK_HEADER = YES;
				CLANG_WARN_RANGE_LOOP_ANALYSIS = YES;
				CLANG_WARN_STRICT_PROTOTYPES = YES;
				CLANG_WARN_SUSPICIOUS_MOVE = YES;
				CLANG_WARN_UNGUARDED_AVAILABILITY = YES_AGGRESSIVE;
				CLANG_WARN_UNREACHABLE_CODE = YES;
				CLANG_WARN__DUPLICATE_METHOD_MATCH = YES;
				COPY_PHASE_STRIP = NO;
				DEBUG_INFORMATION_FORMAT = "dwarf-with-dsym";
				ENABLE_NS_ASSERTIONS = NO;
				ENABLE_STRICT_OBJC_MSGSEND = YES;
				GCC_C_LANGUAGE_STANDARD = gnu11;
				GCC_NO_COMMON_BLOCKS = YES;
				GCC_WARN_64_TO_32_BIT_CONVERSION = YES;
				GCC_WARN_ABOUT_RETURN_TYPE = YES_ERROR;
				GCC_WARN_UNDECLARED_SELECTOR = YES;
				GCC_WARN_UNINITIALIZED_AUTOS = YES_AGGRESSIVE;
				GCC_WARN_UNUSED_FUNCTION = YES;
				GCC_WARN_UNUSED_VARIABLE = YES;
				MACOSX_DEPLOYMENT_TARGET = 10.15;
				MTL_ENABLE_DEBUG_INFO = NO;
				MTL_FAST_MATH = YES;
				SDKROOT = macosx;
			};
			name = Release;
		};
		56D85CA525246593007ECDE3 /* Debug */ = {
			isa = XCBuildConfiguration;
			buildSettings = {
				CODE_SIGN_IDENTITY = "-";
				CODE_SIGN_STYLE = Automatic;
				DEVELOPMENT_TEAM = UY69P266SE;
				ENABLE_HARDENED_RUNTIME = YES;
				PRODUCT_NAME = "$(TARGET_NAME)";
			};
			name = Debug;
		};
		56D85CA625246593007ECDE3 /* Release */ = {
			isa = XCBuildConfiguration;
			buildSettings = {
				CODE_SIGN_IDENTITY = "-";
				CODE_SIGN_STYLE = Automatic;
				DEVELOPMENT_TEAM = UY69P266SE;
				ENABLE_HARDENED_RUNTIME = YES;
				PRODUCT_NAME = "$(TARGET_NAME)";
			};
			name = Release;
		};
/* End XCBuildConfiguration section */

/* Begin XCConfigurationList section */
		56D85C9825246593007ECDE3 /* Build configuration list for PBXProject "PracticaLunes" */ = {
			isa = XCConfigurationList;
			buildConfigurations = (
				56D85CA225246593007ECDE3 /* Debug */,
				56D85CA325246593007ECDE3 /* Release */,
			);
			defaultConfigurationIsVisible = 0;
			defaultConfigurationName = Release;
		};
		56D85CA425246593007ECDE3 /* Build configuration list for PBXNativeTarget "PracticaLunes" */ = {
			isa = XCConfigurationList;
			buildConfigurations = (
				56D85CA525246593007ECDE3 /* Debug */,
				56D85CA625246593007ECDE3 /* Release */,
			);
			defaultConfigurationIsVisible = 0;
			defaultConfigurationName = Release;
		};
/* End XCConfigurationList section */
	};
	rootObject = 56D85C9525246593007ECDE3 /* Project object */;
}
